
Microsoft Visual Studio Solution File, Format Version 10.00
# Visual Studio 2008
Project("{FAE04EC0-301F-11D3-BF4B-00C04F79EFBC}") = "Listing15-16", "Listing15-16\Listing15-16.csproj", "{72370182-0D03-4A5D-8AD5-D26C1F999617}"
EndProject
Global
	GlobalSection(SolutionConfigurationPlatforms) = preSolution
		Debug|Any CPU = Debug|Any CPU
		Release|Any CPU = Release|Any CPU
	EndGlobalSection
	GlobalSection(ProjectConfigurationPlatforms) = postSolution
		{72370182-0D03-4A5D-8AD5-D26C1F999617}.Debug|Any CPU.ActiveCfg = Debug|Any CPU
		{72370182-0D03-4A5D-8AD5-D26C1F999617}.Debug|Any CPU.Build.0 = Debug|Any CPU
		{72370182-0D03-4A5D-8AD5-D26C1F999617}.Release|Any CPU.ActiveCfg = Release|Any CPU
		{72370182-0D03-4A5D-8AD5-D26C1F999617}.Release|Any CPU.Build.0 = Release|Any CPU
	EndGlobalSection
	GlobalSection(SolutionProperties) = preSolution
		HideSolutionNode = FALSE
	EndGlobalSection
EndGlobal
