
Microsoft Visual Studio Solution File, Format Version 10.00
# Visual Studio 2008
Project("{FAE04EC0-301F-11D3-BF4B-00C04F79EFBC}") = "Listing15-03", "Listing15-03\Listing15-03.csproj", "{EFBEA77B-87C2-479B-858D-F1873134AB2F}"
EndProject
Global
	GlobalSection(SolutionConfigurationPlatforms) = preSolution
		Debug|Any CPU = Debug|Any CPU
		Release|Any CPU = Release|Any CPU
	EndGlobalSection
	GlobalSection(ProjectConfigurationPlatforms) = postSolution
		{EFBEA77B-87C2-479B-858D-F1873134AB2F}.Debug|Any CPU.ActiveCfg = Debug|Any CPU
		{EFBEA77B-87C2-479B-858D-F1873134AB2F}.Debug|Any CPU.Build.0 = Debug|Any CPU
		{EFBEA77B-87C2-479B-858D-F1873134AB2F}.Release|Any CPU.ActiveCfg = Release|Any CPU
		{EFBEA77B-87C2-479B-858D-F1873134AB2F}.Release|Any CPU.Build.0 = Release|Any CPU
	EndGlobalSection
	GlobalSection(SolutionProperties) = preSolution
		HideSolutionNode = FALSE
	EndGlobalSection
EndGlobal
