
Microsoft Visual Studio Solution File, Format Version 10.00
# Visual Studio 2008
Project("{FAE04EC0-301F-11D3-BF4B-00C04F79EFBC}") = "Listing15-01", "Listing15-01\Listing15-01.csproj", "{D5126849-DEA0-4DB6-AAF1-50303FEE4889}"
EndProject
Global
	GlobalSection(SolutionConfigurationPlatforms) = preSolution
		Debug|Any CPU = Debug|Any CPU
		Release|Any CPU = Release|Any CPU
	EndGlobalSection
	GlobalSection(ProjectConfigurationPlatforms) = postSolution
		{D5126849-DEA0-4DB6-AAF1-50303FEE4889}.Debug|Any CPU.ActiveCfg = Debug|Any CPU
		{D5126849-DEA0-4DB6-AAF1-50303FEE4889}.Debug|Any CPU.Build.0 = Debug|Any CPU
		{D5126849-DEA0-4DB6-AAF1-50303FEE4889}.Release|Any CPU.ActiveCfg = Release|Any CPU
		{D5126849-DEA0-4DB6-AAF1-50303FEE4889}.Release|Any CPU.Build.0 = Release|Any CPU
	EndGlobalSection
	GlobalSection(SolutionProperties) = preSolution
		HideSolutionNode = FALSE
	EndGlobalSection
EndGlobal
