
Microsoft Visual Studio Solution File, Format Version 10.00
# Visual Studio 2008
Project("{FAE04EC0-301F-11D3-BF4B-00C04F79EFBC}") = "Listing15-06", "Listing15-06\Listing15-06.csproj", "{D929C390-3AD3-41F2-A938-BB58446A9EB0}"
EndProject
Global
	GlobalSection(SolutionConfigurationPlatforms) = preSolution
		Debug|Any CPU = Debug|Any CPU
		Release|Any CPU = Release|Any CPU
	EndGlobalSection
	GlobalSection(ProjectConfigurationPlatforms) = postSolution
		{D929C390-3AD3-41F2-A938-BB58446A9EB0}.Debug|Any CPU.ActiveCfg = Debug|Any CPU
		{D929C390-3AD3-41F2-A938-BB58446A9EB0}.Debug|Any CPU.Build.0 = Debug|Any CPU
		{D929C390-3AD3-41F2-A938-BB58446A9EB0}.Release|Any CPU.ActiveCfg = Release|Any CPU
		{D929C390-3AD3-41F2-A938-BB58446A9EB0}.Release|Any CPU.Build.0 = Release|Any CPU
	EndGlobalSection
	GlobalSection(SolutionProperties) = preSolution
		HideSolutionNode = FALSE
	EndGlobalSection
EndGlobal
